Microsoft Visual Studio Solution File, Format Version 12.00
# Visual Studio Version 16
VisualStudioVersion = 16.0.0.0
MinimumVisualStudioVersion = 16.0.0.0
Project("{9A19103F-16F7-4668-BE54-9A1E7A4F7556}") = "DemoStrideEngineAvatar.Windows", "DemoStrideEngineAvatar.Windows\DemoStrideEngineAvatar.Windows.csproj", "{672D723D-AC0E-408E-8D25-4882BCE22B09}"
EndProject
Project("{9A19103F-16F7-4668-BE54-9A1E7A4F7556}") = "DemoStrideEngineAvatar.Game", "DemoStrideEngineAvatar.Game\DemoStrideEngineAvatar.Game.csproj", "{C4C6AA9C-95F5-447B-9B9B-95644EECFDA4}"
EndProject
Project("{9A19103F-16F7-4668-BE54-9A1E7A4F7556}") = "DemoStrideEngineAvatar.Linux", "DemoStrideEngineAvatar.Linux\DemoStrideEngineAvatar.Linux.csproj", "{947ADCE8-1CD9-4DD6-8802-E9EE853BFFBF}"
EndProject
Project("{FAE04EC0-301F-11D3-BF4B-00C04F79EFBC}") = "DemoStrideEngineAvatar.Android", "DemoStrideEngineAvatar.Android\DemoStrideEngineAvatar.Android.csproj", "{AC224C46-EC37-4CAF-B973-7ABE4D1363F6}"
EndProject
Project("{FAE04EC0-301F-11D3-BF4B-00C04F79EFBC}") = "DemoStrideEngineAvatar.iOS", "DemoStrideEngineAvatar.iOS\DemoStrideEngineAvatar.iOS.csproj", "{F3A498E0-11B1-4450-AC2C-8E8B145AD18C}"
EndProject
Global
	GlobalSection(SolutionConfigurationPlatforms) = preSolution
		AppStore|Android = AppStore|Android
		AppStore|Any CPU = AppStore|Any CPU
		AppStore|iPhone = AppStore|iPhone
		AppStore|iPhoneSimulator = AppStore|iPhoneSimulator
		Debug|Android = Debug|Android
		Debug|Any CPU = Debug|Any CPU
		Debug|iPhone = Debug|iPhone
		Debug|iPhoneSimulator = Debug|iPhoneSimulator
		Release|Android = Release|Android
		Release|Any CPU = Release|Any CPU
		Release|iPhone = Release|iPhone
		Release|iPhoneSimulator = Release|iPhoneSimulator
		Testing|Android = Testing|Android
		Testing|Any CPU = Testing|Any CPU
		Testing|iPhone = Testing|iPhone
		Testing|iPhoneSimulator = Testing|iPhoneSimulator
	EndGlobalSection
	GlobalSection(ProjectConfigurationPlatforms) = postSolution
		{672D723D-AC0E-408E-8D25-4882BCE22B09}.AppStore|Android.ActiveCfg = Debug|Any CPU
		{672D723D-AC0E-408E-8D25-4882BCE22B09}.AppStore|Android.Build.0 = Debug|Any CPU
		{672D723D-AC0E-408E-8D25-4882BCE22B09}.AppStore|Any CPU.ActiveCfg = Debug|Any CPU
		{672D723D-AC0E-408E-8D25-4882BCE22B09}.AppStore|Any CPU.Build.0 = Debug|Any CPU
		{672D723D-AC0E-408E-8D25-4882BCE22B09}.AppStore|iPhone.ActiveCfg = Debug|Any CPU
		{672D723D-AC0E-408E-8D25-4882BCE22B09}.AppStore|iPhone.Build.0 = Debug|Any CPU
		{672D723D-AC0E-408E-8D25-4882BCE22B09}.AppStore|iPhoneSimulator.ActiveCfg = Debug|Any CPU
		{672D723D-AC0E-408E-8D25-4882BCE22B09}.AppStore|iPhoneSimulator.Build.0 = Debug|Any CPU
		{672D723D-AC0E-408E-8D25-4882BCE22B09}.Debug|Android.ActiveCfg = Debug|Any CPU
		{672D723D-AC0E-408E-8D25-4882BCE22B09}.Debug|Android.Build.0 = Debug|Any CPU
		{672D723D-AC0E-408E-8D25-4882BCE22B09}.Debug|Any CPU.ActiveCfg = Debug|Any CPU
		{672D723D-AC0E-408E-8D25-4882BCE22B09}.Debug|Any CPU.Build.0 = Debug|Any CPU
		{672D723D-AC0E-408E-8D25-4882BCE22B09}.Debug|iPhone.ActiveCfg = Debug|Any CPU
		{672D723D-AC0E-408E-8D25-4882BCE22B09}.Debug|iPhone.Build.0 = Debug|Any CPU
		{672D723D-AC0E-408E-8D25-4882BCE22B09}.Debug|iPhoneSimulator.ActiveCfg = Debug|Any CPU
		{672D723D-AC0E-408E-8D25-4882BCE22B09}.Debug|iPhoneSimulator.Build.0 = Debug|Any CPU
		{672D723D-AC0E-408E-8D25-4882BCE22B09}.Release|Android.ActiveCfg = Release|Any CPU
		{672D723D-AC0E-408E-8D25-4882BCE22B09}.Release|Android.Build.0 = Release|Any CPU
		{672D723D-AC0E-408E-8D25-4882BCE22B09}.Release|Any CPU.ActiveCfg = Release|Any CPU
		{672D723D-AC0E-408E-8D25-4882BCE22B09}.Release|Any CPU.Build.0 = Release|Any CPU
		{672D723D-AC0E-408E-8D25-4882BCE22B09}.Release|iPhone.ActiveCfg = Release|Any CPU
		{672D723D-AC0E-408E-8D25-4882BCE22B09}.Release|iPhone.Build.0 = Release|Any CPU
		{672D723D-AC0E-408E-8D25-4882BCE22B09}.Release|iPhoneSimulator.ActiveCfg = Release|Any CPU
		{672D723D-AC0E-408E-8D25-4882BCE22B09}.Release|iPhoneSimulator.Build.0 = Release|Any CPU
		{672D723D-AC0E-408E-8D25-4882BCE22B09}.Testing|Android.ActiveCfg = Debug|Any CPU
		{672D723D-AC0E-408E-8D25-4882BCE22B09}.Testing|Android.Build.0 = Debug|Any CPU
		{672D723D-AC0E-408E-8D25-4882BCE22B09}.Testing|Any CPU.ActiveCfg = Debug|Any CPU
		{672D723D-AC0E-408E-8D25-4882BCE22B09}.Testing|Any CPU.Build.0 = Debug|Any CPU
		{672D723D-AC0E-408E-8D25-4882BCE22B09}.Testing|iPhone.ActiveCfg = Debug|Any CPU
		{672D723D-AC0E-408E-8D25-4882BCE22B09}.Testing|iPhone.Build.0 = Debug|Any CPU
		{672D723D-AC0E-408E-8D25-4882BCE22B09}.Testing|iPhoneSimulator.ActiveCfg = Debug|Any CPU
		{672D723D-AC0E-408E-8D25-4882BCE22B09}.Testing|iPhoneSimulator.Build.0 = Debug|Any CPU
		{C4C6AA9C-95F5-447B-9B9B-95644EECFDA4}.AppStore|Android.ActiveCfg = Debug|Any CPU
		{C4C6AA9C-95F5-447B-9B9B-95644EECFDA4}.AppStore|Android.Build.0 = Debug|Any CPU
		{C4C6AA9C-95F5-447B-9B9B-95644EECFDA4}.AppStore|Any CPU.ActiveCfg = Debug|Any CPU
		{C4C6AA9C-95F5-447B-9B9B-95644EECFDA4}.AppStore|Any CPU.Build.0 = Debug|Any CPU
		{C4C6AA9C-95F5-447B-9B9B-95644EECFDA4}.AppStore|iPhone.ActiveCfg = Debug|Any CPU
		{C4C6AA9C-95F5-447B-9B9B-95644EECFDA4}.AppStore|iPhone.Build.0 = Debug|Any CPU
		{C4C6AA9C-95F5-447B-9B9B-95644EECFDA4}.AppStore|iPhoneSimulator.ActiveCfg = Debug|Any CPU
		{C4C6AA9C-95F5-447B-9B9B-95644EECFDA4}.AppStore|iPhoneSimulator.Build.0 = Debug|Any CPU
		{C4C6AA9C-95F5-447B-9B9B-95644EECFDA4}.Debug|Android.ActiveCfg = Debug|Any CPU
		{C4C6AA9C-95F5-447B-9B9B-95644EECFDA4}.Debug|Android.Build.0 = Debug|Any CPU
		{C4C6AA9C-95F5-447B-9B9B-95644EECFDA4}.Debug|Any CPU.ActiveCfg = Debug|Any CPU
		{C4C6AA9C-95F5-447B-9B9B-95644EECFDA4}.Debug|Any CPU.Build.0 = Debug|Any CPU
		{C4C6AA9C-95F5-447B-9B9B-95644EECFDA4}.Debug|iPhone.ActiveCfg = Debug|Any CPU
		{C4C6AA9C-95F5-447B-9B9B-95644EECFDA4}.Debug|iPhone.Build.0 = Debug|Any CPU
		{C4C6AA9C-95F5-447B-9B9B-95644EECFDA4}.Debug|iPhoneSimulator.ActiveCfg = Debug|Any CPU
		{C4C6AA9C-95F5-447B-9B9B-95644EECFDA4}.Debug|iPhoneSimulator.Build.0 = Debug|Any CPU
		{C4C6AA9C-95F5-447B-9B9B-95644EECFDA4}.Release|Android.ActiveCfg = Release|Any CPU
		{C4C6AA9C-95F5-447B-9B9B-95644EECFDA4}.Release|Android.Build.0 = Release|Any CPU
		{C4C6AA9C-95F5-447B-9B9B-95644EECFDA4}.Release|Any CPU.ActiveCfg = Release|Any CPU
		{C4C6AA9C-95F5-447B-9B9B-95644EECFDA4}.Release|Any CPU.Build.0 = Release|Any CPU
		{C4C6AA9C-95F5-447B-9B9B-95644EECFDA4}.Release|iPhone.ActiveCfg = Release|Any CPU
		{C4C6AA9C-95F5-447B-9B9B-95644EECFDA4}.Release|iPhone.Build.0 = Release|Any CPU
		{C4C6AA9C-95F5-447B-9B9B-95644EECFDA4}.Release|iPhoneSimulator.ActiveCfg = Release|Any CPU
		{C4C6AA9C-95F5-447B-9B9B-95644EECFDA4}.Release|iPhoneSimulator.Build.0 = Release|Any CPU
		{C4C6AA9C-95F5-447B-9B9B-95644EECFDA4}.Testing|Android.ActiveCfg = Debug|Any CPU
		{C4C6AA9C-95F5-447B-9B9B-95644EECFDA4}.Testing|Android.Build.0 = Debug|Any CPU
		{C4C6AA9C-95F5-447B-9B9B-95644EECFDA4}.Testing|Any CPU.ActiveCfg = Debug|Any CPU
		{C4C6AA9C-95F5-447B-9B9B-95644EECFDA4}.Testing|Any CPU.Build.0 = Debug|Any CPU
		{C4C6AA9C-95F5-447B-9B9B-95644EECFDA4}.Testing|iPhone.ActiveCfg = Debug|Any CPU
		{C4C6AA9C-95F5-447B-9B9B-95644EECFDA4}.Testing|iPhone.Build.0 = Debug|Any CPU
		{C4C6AA9C-95F5-447B-9B9B-95644EECFDA4}.Testing|iPhoneSimulator.ActiveCfg = Debug|Any CPU
		{C4C6AA9C-95F5-447B-9B9B-95644EECFDA4}.Testing|iPhoneSimulator.Build.0 = Debug|Any CPU
		{947ADCE8-1CD9-4DD6-8802-E9EE853BFFBF}.AppStore|Android.ActiveCfg = Debug|Any CPU
		{947ADCE8-1CD9-4DD6-8802-E9EE853BFFBF}.AppStore|Android.Build.0 = Debug|Any CPU
		{947ADCE8-1CD9-4DD6-8802-E9EE853BFFBF}.AppStore|Any CPU.ActiveCfg = Debug|Any CPU
		{947ADCE8-1CD9-4DD6-8802-E9EE853BFFBF}.AppStore|Any CPU.Build.0 = Debug|Any CPU
		{947ADCE8-1CD9-4DD6-8802-E9EE853BFFBF}.AppStore|iPhone.ActiveCfg = Debug|Any CPU
		{947ADCE8-1CD9-4DD6-8802-E9EE853BFFBF}.AppStore|iPhone.Build.0 = Debug|Any CPU
		{947ADCE8-1CD9-4DD6-8802-E9EE853BFFBF}.AppStore|iPhoneSimulator.ActiveCfg = Debug|Any CPU
		{947ADCE8-1CD9-4DD6-8802-E9EE853BFFBF}.AppStore|iPhoneSimulator.Build.0 = Debug|Any CPU
		{947ADCE8-1CD9-4DD6-8802-E9EE853BFFBF}.Debug|Android.ActiveCfg = Debug|Any CPU
		{947ADCE8-1CD9-4DD6-8802-E9EE853BFFBF}.Debug|Android.Build.0 = Debug|Any CPU
		{947ADCE8-1CD9-4DD6-8802-E9EE853BFFBF}.Debug|Any CPU.ActiveCfg = Debug|Any CPU
		{947ADCE8-1CD9-4DD6-8802-E9EE853BFFBF}.Debug|Any CPU.Build.0 = Debug|Any CPU
		{947ADCE8-1CD9-4DD6-8802-E9EE853BFFBF}.Debug|iPhone.ActiveCfg = Debug|Any CPU
		{947ADCE8-1CD9-4DD6-8802-E9EE853BFFBF}.Debug|iPhone.Build.0 = Debug|Any CPU
		{947ADCE8-1CD9-4DD6-8802-E9EE853BFFBF}.Debug|iPhoneSimulator.ActiveCfg = Debug|Any CPU
		{947ADCE8-1CD9-4DD6-8802-E9EE853BFFBF}.Debug|iPhoneSimulator.Build.0 = Debug|Any CPU
		{947ADCE8-1CD9-4DD6-8802-E9EE853BFFBF}.Release|Android.ActiveCfg = Release|Any CPU
		{947ADCE8-1CD9-4DD6-8802-E9EE853BFFBF}.Release|Android.Build.0 = Release|Any CPU
		{947ADCE8-1CD9-4DD6-8802-E9EE853BFFBF}.Release|Any CPU.ActiveCfg = Release|Any CPU
		{947ADCE8-1CD9-4DD6-8802-E9EE853BFFBF}.Release|Any CPU.Build.0 = Release|Any CPU
		{947ADCE8-1CD9-4DD6-8802-E9EE853BFFBF}.Release|iPhone.ActiveCfg = Release|Any CPU
		{947ADCE8-1CD9-4DD6-8802-E9EE853BFFBF}.Release|iPhone.Build.0 = Release|Any CPU
		{947ADCE8-1CD9-4DD6-8802-E9EE853BFFBF}.Release|iPhoneSimulator.ActiveCfg = Release|Any CPU
		{947ADCE8-1CD9-4DD6-8802-E9EE853BFFBF}.Release|iPhoneSimulator.Build.0 = Release|Any CPU
		{947ADCE8-1CD9-4DD6-8802-E9EE853BFFBF}.Testing|Android.ActiveCfg = Debug|Any CPU
		{947ADCE8-1CD9-4DD6-8802-E9EE853BFFBF}.Testing|Android.Build.0 = Debug|Any CPU
		{947ADCE8-1CD9-4DD6-8802-E9EE853BFFBF}.Testing|Any CPU.ActiveCfg = Debug|Any CPU
		{947ADCE8-1CD9-4DD6-8802-E9EE853BFFBF}.Testing|Any CPU.Build.0 = Debug|Any CPU
		{947ADCE8-1CD9-4DD6-8802-E9EE853BFFBF}.Testing|iPhone.ActiveCfg = Debug|Any CPU
		{947ADCE8-1CD9-4DD6-8802-E9EE853BFFBF}.Testing|iPhone.Build.0 = Debug|Any CPU
		{947ADCE8-1CD9-4DD6-8802-E9EE853BFFBF}.Testing|iPhoneSimulator.ActiveCfg = Debug|Any CPU
		{947ADCE8-1CD9-4DD6-8802-E9EE853BFFBF}.Testing|iPhoneSimulator.Build.0 = Debug|Any CPU
		{AC224C46-EC37-4CAF-B973-7ABE4D1363F6}.AppStore|Android.ActiveCfg = AppStore|Android
		{AC224C46-EC37-4CAF-B973-7ABE4D1363F6}.AppStore|Android.Build.0 = AppStore|Android
		{AC224C46-EC37-4CAF-B973-7ABE4D1363F6}.AppStore|Android.Deploy.0 = AppStore|Android
		{AC224C46-EC37-4CAF-B973-7ABE4D1363F6}.AppStore|Any CPU.ActiveCfg = AppStore|Android
		{AC224C46-EC37-4CAF-B973-7ABE4D1363F6}.AppStore|iPhone.ActiveCfg = AppStore|Android
		{AC224C46-EC37-4CAF-B973-7ABE4D1363F6}.AppStore|iPhoneSimulator.ActiveCfg = AppStore|Android
		{AC224C46-EC37-4CAF-B973-7ABE4D1363F6}.Debug|Android.ActiveCfg = Debug|Android
		{AC224C46-EC37-4CAF-B973-7ABE4D1363F6}.Debug|Android.Build.0 = Debug|Android
		{AC224C46-EC37-4CAF-B973-7ABE4D1363F6}.Debug|Android.Deploy.0 = Debug|Android
		{AC224C46-EC37-4CAF-B973-7ABE4D1363F6}.Debug|Any CPU.ActiveCfg = Debug|Android
		{AC224C46-EC37-4CAF-B973-7ABE4D1363F6}.Debug|Any CPU.Build.0 = Debug|Android
		{AC224C46-EC37-4CAF-B973-7ABE4D1363F6}.Debug|Any CPU.Deploy.0 = Debug|Android
		{AC224C46-EC37-4CAF-B973-7ABE4D1363F6}.Debug|iPhone.ActiveCfg = Debug|Android
		{AC224C46-EC37-4CAF-B973-7ABE4D1363F6}.Debug|iPhoneSimulator.ActiveCfg = Debug|Android
		{AC224C46-EC37-4CAF-B973-7ABE4D1363F6}.Release|Android.ActiveCfg = Release|Android
		{AC224C46-EC37-4CAF-B973-7ABE4D1363F6}.Release|Android.Build.0 = Release|Android
		{AC224C46-EC37-4CAF-B973-7ABE4D1363F6}.Release|Android.Deploy.0 = Release|Android
		{AC224C46-EC37-4CAF-B973-7ABE4D1363F6}.Release|Any CPU.ActiveCfg = Release|Android
		{AC224C46-EC37-4CAF-B973-7ABE4D1363F6}.Release|iPhone.ActiveCfg = Release|Android
		{AC224C46-EC37-4CAF-B973-7ABE4D1363F6}.Release|iPhoneSimulator.ActiveCfg = Release|Android
		{AC224C46-EC37-4CAF-B973-7ABE4D1363F6}.Testing|Android.ActiveCfg = Testing|Android
		{AC224C46-EC37-4CAF-B973-7ABE4D1363F6}.Testing|Android.Build.0 = Testing|Android
		{AC224C46-EC37-4CAF-B973-7ABE4D1363F6}.Testing|Android.Deploy.0 = Testing|Android
		{AC224C46-EC37-4CAF-B973-7ABE4D1363F6}.Testing|Any CPU.ActiveCfg = Testing|Android
		{AC224C46-EC37-4CAF-B973-7ABE4D1363F6}.Testing|iPhone.ActiveCfg = Testing|Android
		{AC224C46-EC37-4CAF-B973-7ABE4D1363F6}.Testing|iPhoneSimulator.ActiveCfg = Testing|Android
		{F3A498E0-11B1-4450-AC2C-8E8B145AD18C}.AppStore|Android.ActiveCfg = AppStore|iPhone
		{F3A498E0-11B1-4450-AC2C-8E8B145AD18C}.AppStore|Any CPU.ActiveCfg = AppStore|iPhone
		{F3A498E0-11B1-4450-AC2C-8E8B145AD18C}.AppStore|iPhone.ActiveCfg = AppStore|iPhone
		{F3A498E0-11B1-4450-AC2C-8E8B145AD18C}.AppStore|iPhone.Build.0 = AppStore|iPhone
		{F3A498E0-11B1-4450-AC2C-8E8B145AD18C}.AppStore|iPhoneSimulator.ActiveCfg = AppStore|iPhoneSimulator
		{F3A498E0-11B1-4450-AC2C-8E8B145AD18C}.AppStore|iPhoneSimulator.Build.0 = AppStore|iPhoneSimulator
		{F3A498E0-11B1-4450-AC2C-8E8B145AD18C}.Debug|Android.ActiveCfg = Debug|iPhone
		{F3A498E0-11B1-4450-AC2C-8E8B145AD18C}.Debug|Any CPU.ActiveCfg = Debug|iPhone
		{F3A498E0-11B1-4450-AC2C-8E8B145AD18C}.Debug|iPhone.ActiveCfg = Debug|iPhone
		{F3A498E0-11B1-4450-AC2C-8E8B145AD18C}.Debug|iPhone.Build.0 = Debug|iPhone
		{F3A498E0-11B1-4450-AC2C-8E8B145AD18C}.Debug|iPhoneSimulator.ActiveCfg = Debug|iPhoneSimulator
		{F3A498E0-11B1-4450-AC2C-8E8B145AD18C}.Debug|iPhoneSimulator.Build.0 = Debug|iPhoneSimulator
		{F3A498E0-11B1-4450-AC2C-8E8B145AD18C}.Release|Android.ActiveCfg = Release|iPhone
		{F3A498E0-11B1-4450-AC2C-8E8B145AD18C}.Release|Any CPU.ActiveCfg = Release|iPhone
		{F3A498E0-11B1-4450-AC2C-8E8B145AD18C}.Release|iPhone.ActiveCfg = Release|iPhone
		{F3A498E0-11B1-4450-AC2C-8E8B145AD18C}.Release|iPhone.Build.0 = Release|iPhone
		{F3A498E0-11B1-4450-AC2C-8E8B145AD18C}.Release|iPhoneSimulator.ActiveCfg = Release|iPhoneSimulator
		{F3A498E0-11B1-4450-AC2C-8E8B145AD18C}.Release|iPhoneSimulator.Build.0 = Release|iPhoneSimulator
		{F3A498E0-11B1-4450-AC2C-8E8B145AD18C}.Testing|Android.ActiveCfg = Testing|iPhone
		{F3A498E0-11B1-4450-AC2C-8E8B145AD18C}.Testing|Any CPU.ActiveCfg = Testing|iPhone
		{F3A498E0-11B1-4450-AC2C-8E8B145AD18C}.Testing|iPhone.ActiveCfg = Testing|iPhone
		{F3A498E0-11B1-4450-AC2C-8E8B145AD18C}.Testing|iPhone.Build.0 = Testing|iPhone
		{F3A498E0-11B1-4450-AC2C-8E8B145AD18C}.Testing|iPhoneSimulator.ActiveCfg = Testing|iPhoneSimulator
		{F3A498E0-11B1-4450-AC2C-8E8B145AD18C}.Testing|iPhoneSimulator.Build.0 = Testing|iPhoneSimulator
	EndGlobalSection
	GlobalSection(SolutionProperties) = preSolution
		HideSolutionNode = FALSE
	EndGlobalSection
	GlobalSection(ExtensibilityGlobals) = postSolution
		SolutionGuid = {0CDC37C6-6D9F-452B-B79E-E2467DF581E6}
	EndGlobalSection
EndGlobal
